
Microsoft Visual Studio Solution File, Format Version 12.00
# Visual Studio Version 17
VisualStudioVersion = 17.2.32630.192
MinimumVisualStudioVersion = 10.0.40219.1
Project("{FAE04EC0-301F-11D3-BF4B-00C04F79EFBC}") = "FirstMVCProj", "FirstMVCProj\FirstMVCProj.csproj", "{BCE3113D-2A60-4B6A-B31E-0AD042B1C993}"
EndProject
Global
	GlobalSection(SolutionConfigurationPlatforms) = preSolution
		Debug|Any CPU = Debug|Any CPU
		Release|Any CPU = Release|Any CPU
	EndGlobalSection
	GlobalSection(ProjectConfigurationPlatforms) = postSolution
		{BCE3113D-2A60-4B6A-B31E-0AD042B1C993}.Debug|Any CPU.ActiveCfg = Debug|Any CPU
		{BCE3113D-2A60-4B6A-B31E-0AD042B1C993}.Debug|Any CPU.Build.0 = Debug|Any CPU
		{BCE3113D-2A60-4B6A-B31E-0AD042B1C993}.Release|Any CPU.ActiveCfg = Release|Any CPU
		{BCE3113D-2A60-4B6A-B31E-0AD042B1C993}.Release|Any CPU.Build.0 = Release|Any CPU
	EndGlobalSection
	GlobalSection(SolutionProperties) = preSolution
		HideSolutionNode = FALSE
	EndGlobalSection
	GlobalSection(ExtensibilityGlobals) = postSolution
		SolutionGuid = {DC77F86C-D0F2-49D3-9B3D-C823CA6FD395}
	EndGlobalSection
EndGlobal
