
Microsoft Visual Studio Solution File, Format Version 12.00
# Visual Studio Version 17
VisualStudioVersion = 17.2.32630.192
MinimumVisualStudioVersion = 10.0.40219.1
Project("{FAE04EC0-301F-11D3-BF4B-00C04F79EFBC}") = "WFM_API", "WFM_API\WFM_API.csproj", "{B4642BF5-F97E-4203-A054-52B629170427}"
EndProject
Global
	GlobalSection(SolutionConfigurationPlatforms) = preSolution
		Debug|Any CPU = Debug|Any CPU
		Release|Any CPU = Release|Any CPU
	EndGlobalSection
	GlobalSection(ProjectConfigurationPlatforms) = postSolution
		{B4642BF5-F97E-4203-A054-52B629170427}.Debug|Any CPU.ActiveCfg = Debug|Any CPU
		{B4642BF5-F97E-4203-A054-52B629170427}.Debug|Any CPU.Build.0 = Debug|Any CPU
		{B4642BF5-F97E-4203-A054-52B629170427}.Release|Any CPU.ActiveCfg = Release|Any CPU
		{B4642BF5-F97E-4203-A054-52B629170427}.Release|Any CPU.Build.0 = Release|Any CPU
	EndGlobalSection
	GlobalSection(SolutionProperties) = preSolution
		HideSolutionNode = FALSE
	EndGlobalSection
	GlobalSection(ExtensibilityGlobals) = postSolution
		SolutionGuid = {1BD23129-F739-4C09-96F3-8F57B3602EB9}
	EndGlobalSection
EndGlobal
