
Microsoft Visual Studio Solution File, Format Version 12.00
# Visual Studio Version 17
VisualStudioVersion = 17.2.32630.192
MinimumVisualStudioVersion = 10.0.40219.1
Project("{FAE04EC0-301F-11D3-BF4B-00C04F79EFBC}") = "WFM_Web_App", "WFM_Web_App\WFM_Web_App.csproj", "{CA0DA204-8B88-4B83-921E-CF83AC0CAAD1}"
EndProject
Global
	GlobalSection(SolutionConfigurationPlatforms) = preSolution
		Debug|Any CPU = Debug|Any CPU
		Release|Any CPU = Release|Any CPU
	EndGlobalSection
	GlobalSection(ProjectConfigurationPlatforms) = postSolution
		{CA0DA204-8B88-4B83-921E-CF83AC0CAAD1}.Debug|Any CPU.ActiveCfg = Debug|Any CPU
		{CA0DA204-8B88-4B83-921E-CF83AC0CAAD1}.Debug|Any CPU.Build.0 = Debug|Any CPU
		{CA0DA204-8B88-4B83-921E-CF83AC0CAAD1}.Release|Any CPU.ActiveCfg = Release|Any CPU
		{CA0DA204-8B88-4B83-921E-CF83AC0CAAD1}.Release|Any CPU.Build.0 = Release|Any CPU
	EndGlobalSection
	GlobalSection(SolutionProperties) = preSolution
		HideSolutionNode = FALSE
	EndGlobalSection
	GlobalSection(ExtensibilityGlobals) = postSolution
		SolutionGuid = {62278B6C-10DE-4D11-9874-646D4272FDB5}
	EndGlobalSection
EndGlobal
